
Microsoft Visual Studio Solution File, Format Version 12.00
# Visual Studio Version 16
VisualStudioVersion = 16.0.29709.97
MinimumVisualStudioVersion = 10.0.40219.1
Project("{FAE04EC0-301F-11D3-BF4B-00C04F79EFBC}") = "FrontEnd", "FrontEnd\FrontEnd.csproj", "{5C98EA4B-D2BF-498F-B549-5630723B06BD}"
EndProject
Project("{FAE04EC0-301F-11D3-BF4B-00C04F79EFBC}") = "BackEnd", "BackEnd\BackEnd.csproj", "{80CE69FB-8555-4EA1-927E-13C78593350F}"
EndProject
Global
	GlobalSection(SolutionConfigurationPlatforms) = preSolution
		Debug|Any CPU = Debug|Any CPU
		Release|Any CPU = Release|Any CPU
	EndGlobalSection
	GlobalSection(ProjectConfigurationPlatforms) = postSolution
		{5C98EA4B-D2BF-498F-B549-5630723B06BD}.Debug|Any CPU.ActiveCfg = Debug|Any CPU
		{5C98EA4B-D2BF-498F-B549-5630723B06BD}.Debug|Any CPU.Build.0 = Debug|Any CPU
		{5C98EA4B-D2BF-498F-B549-5630723B06BD}.Release|Any CPU.ActiveCfg = Release|Any CPU
		{5C98EA4B-D2BF-498F-B549-5630723B06BD}.Release|Any CPU.Build.0 = Release|Any CPU
		{80CE69FB-8555-4EA1-927E-13C78593350F}.Debug|Any CPU.ActiveCfg = Debug|Any CPU
		{80CE69FB-8555-4EA1-927E-13C78593350F}.Debug|Any CPU.Build.0 = Debug|Any CPU
		{80CE69FB-8555-4EA1-927E-13C78593350F}.Release|Any CPU.ActiveCfg = Release|Any CPU
		{80CE69FB-8555-4EA1-927E-13C78593350F}.Release|Any CPU.Build.0 = Release|Any CPU
	EndGlobalSection
	GlobalSection(SolutionProperties) = preSolution
		HideSolutionNode = FALSE
	EndGlobalSection
	GlobalSection(ExtensibilityGlobals) = postSolution
		SolutionGuid = {8588F297-23AB-48B3-94DB-733C1FAD05FA}
	EndGlobalSection
EndGlobal
